{
  "name": "downshift",
  "version": "0.1.0",
  "lockfileVersion": 1,
  "requires": true,
  "dependencies": {
    "match-sorter": {
      "version": "2.2.3",
      "resolved": "https://registry.npmjs.org/match-sorter/-/match-sorter-2.2.3.tgz",
      "integrity": "sha512-+ny3ZRXOE4lNSb+NJpAdvkYRyAVMWVWl9RoV/c6XCNmndIqzlBIVd8GwLcmBsb8BZc7Yj7z5WoDWUzC4qqld+A==",
      "requires": {
        "diacritic": "0.0.2"
      },
      "dependencies": {
        "diacritic": {
          "version": "0.0.2",
          "bundled": true
        }
      }
    },
    "starwars-names": {
      "version": "1.6.0",
      "resolved": "https://registry.npmjs.org/starwars-names/-/starwars-names-1.6.0.tgz",
      "integrity": "sha1-X5hLWpVHFOs4O01sGSNO/qY5gzU=",
      "requires": {
        "unique-random-array": "1.0.0"
      }
    },
    "unique-random": {
      "version": "1.0.0",
      "resolved": "https://registry.npmjs.org/unique-random/-/unique-random-1.0.0.tgz",
      "integrity": "sha1-zj4iTIJCzTOg53sNcYDXfmti0MQ="
    },
    "unique-random-array": {
      "version": "1.0.0",
      "resolved": "https://registry.npmjs.org/unique-random-array/-/unique-random-array-1.0.0.tgz",
      "integrity": "sha1-QrNyHFeTiNi2Z8k8Lb3j1dgakTY=",
      "requires": {
        "unique-random": "1.0.0"
      }
    }
  }
}
